
Microsoft Visual Studio Solution File, Format Version 12.00
# Visual Studio Version 16
VisualStudioVersion = 16.0.29306.81
MinimumVisualStudioVersion = 10.0.40219.1
Project("{FAE04EC0-301F-11D3-BF4B-00C04F79EFBC}") = "Report Layout", "Report Layout\Report Layout.csproj", "{4C949B58-08B6-48EB-9192-0D42FA997981}"
EndProject
Global
	GlobalSection(SolutionConfigurationPlatforms) = preSolution
		Debug|Any CPU = Debug|Any CPU
		Release|Any CPU = Release|Any CPU
	EndGlobalSection
	GlobalSection(ProjectConfigurationPlatforms) = postSolution
		{4C949B58-08B6-48EB-9192-0D42FA997981}.Debug|Any CPU.ActiveCfg = Debug|Any CPU
		{4C949B58-08B6-48EB-9192-0D42FA997981}.Debug|Any CPU.Build.0 = Debug|Any CPU
		{4C949B58-08B6-48EB-9192-0D42FA997981}.Release|Any CPU.ActiveCfg = Release|Any CPU
		{4C949B58-08B6-48EB-9192-0D42FA997981}.Release|Any CPU.Build.0 = Release|Any CPU
	EndGlobalSection
	GlobalSection(SolutionProperties) = preSolution
		HideSolutionNode = FALSE
	EndGlobalSection
	GlobalSection(ExtensibilityGlobals) = postSolution
		SolutionGuid = {A019C868-4597-4EBD-9D3A-18E337ADE6C8}
	EndGlobalSection
EndGlobal
